
Microsoft Visual Studio Solution File, Format Version 12.00
# Visual Studio Version 17
VisualStudioVersion = 17.9.34622.214
MinimumVisualStudioVersion = 10.0.40219.1
Project("{FAE04EC0-301F-11D3-BF4B-00C04F79EFBC}") = "NewTalents", "NewTalents\NewTalents.csproj", "{8BEB1033-4E44-42F1-AC96-C13CDACBABBB}"
EndProject
Project("{FAE04EC0-301F-11D3-BF4B-00C04F79EFBC}") = "TestNewTalents", "TestNewTalents\TestNewTalents.csproj", "{3A6305F1-C9F9-4D3F-B769-E2335127016D}"
EndProject
Global
	GlobalSection(SolutionConfigurationPlatforms) = preSolution
		Debug|Any CPU = Debug|Any CPU
		Release|Any CPU = Release|Any CPU
	EndGlobalSection
	GlobalSection(ProjectConfigurationPlatforms) = postSolution
		{8BEB1033-4E44-42F1-AC96-C13CDACBABBB}.Debug|Any CPU.ActiveCfg = Debug|Any CPU
		{8BEB1033-4E44-42F1-AC96-C13CDACBABBB}.Debug|Any CPU.Build.0 = Debug|Any CPU
		{8BEB1033-4E44-42F1-AC96-C13CDACBABBB}.Release|Any CPU.ActiveCfg = Release|Any CPU
		{8BEB1033-4E44-42F1-AC96-C13CDACBABBB}.Release|Any CPU.Build.0 = Release|Any CPU
		{3A6305F1-C9F9-4D3F-B769-E2335127016D}.Debug|Any CPU.ActiveCfg = Debug|Any CPU
		{3A6305F1-C9F9-4D3F-B769-E2335127016D}.Debug|Any CPU.Build.0 = Debug|Any CPU
		{3A6305F1-C9F9-4D3F-B769-E2335127016D}.Release|Any CPU.ActiveCfg = Release|Any CPU
		{3A6305F1-C9F9-4D3F-B769-E2335127016D}.Release|Any CPU.Build.0 = Release|Any CPU
	EndGlobalSection
	GlobalSection(SolutionProperties) = preSolution
		HideSolutionNode = FALSE
	EndGlobalSection
	GlobalSection(ExtensibilityGlobals) = postSolution
		SolutionGuid = {3D8C5BFB-C801-4065-B6C5-AF2253A830F3}
	EndGlobalSection
EndGlobal
